
Microsoft Visual Studio Solution File, Format Version 12.00
# Visual Studio Version 16
VisualStudioVersion = 16.0.29613.14
MinimumVisualStudioVersion = 10.0.40219.1
Project("{FAE04EC0-301F-11D3-BF4B-00C04F79EFBC}") = "ArrangeWindows", "ArrangeWindows\ArrangeWindows.csproj", "{9DB4F03A-3A45-40ED-BFDD-559076FB2A8E}"
EndProject
Project("{54435603-DBB4-11D2-8724-00A0C9A8B90C}") = "arrangeWindowsSetup", "arrangeWindowsSetup\arrangeWindowsSetup.vdproj", "{8891A9F5-0863-4419-AAFC-4AD1CDA282B7}"
EndProject
Global
	GlobalSection(SolutionConfigurationPlatforms) = preSolution
		Debug|Any CPU = Debug|Any CPU
		Release|Any CPU = Release|Any CPU
	EndGlobalSection
	GlobalSection(ProjectConfigurationPlatforms) = postSolution
		{9DB4F03A-3A45-40ED-BFDD-559076FB2A8E}.Debug|Any CPU.ActiveCfg = Debug|Any CPU
		{9DB4F03A-3A45-40ED-BFDD-559076FB2A8E}.Debug|Any CPU.Build.0 = Debug|Any CPU
		{9DB4F03A-3A45-40ED-BFDD-559076FB2A8E}.Release|Any CPU.ActiveCfg = Release|Any CPU
		{9DB4F03A-3A45-40ED-BFDD-559076FB2A8E}.Release|Any CPU.Build.0 = Release|Any CPU
		{8891A9F5-0863-4419-AAFC-4AD1CDA282B7}.Debug|Any CPU.ActiveCfg = Debug
		{8891A9F5-0863-4419-AAFC-4AD1CDA282B7}.Release|Any CPU.ActiveCfg = Release
	EndGlobalSection
	GlobalSection(SolutionProperties) = preSolution
		HideSolutionNode = FALSE
	EndGlobalSection
	GlobalSection(ExtensibilityGlobals) = postSolution
		SolutionGuid = {BD07AECD-A02B-46CE-9E4E-C56B238E47E0}
	EndGlobalSection
EndGlobal
